
Microsoft Visual Studio Solution File, Format Version 12.00
# Visual Studio Version 16
VisualStudioVersion = 16.0.30907.101
MinimumVisualStudioVersion = 10.0.40219.1
Project("{9A19103F-16F7-4668-BE54-9A1E7A4F7556}") = "BlockChainDNS", "BlockChainDNS.csproj", "{27E81F12-74C5-47A9-BEE7-36EAD233007F}"
EndProject
Project("{9A19103F-16F7-4668-BE54-9A1E7A4F7556}") = "BlockChainDNS.Client", "BlockChainDNS.Client\BlockChainDNS.Client.csproj", "{961C3FB5-A620-4D0A-90D2-471D428A8910}"
EndProject
Project("{9A19103F-16F7-4668-BE54-9A1E7A4F7556}") = "BlockChainDNS.Web", "BlockChainDNS.Web\BlockChainDNS.Web.csproj", "{C36F62A7-3AB7-4CBF-BCD9-4D4067DF03A4}"
EndProject
Project("{E53339B2-1760-4266-BCC7-CA923CBCF16C}") = "docker-compose", "docker-compose.dcproj", "{3211211B-1690-468D-B1B9-FFA046652E84}"
EndProject
Project("{9A19103F-16F7-4668-BE54-9A1E7A4F7556}") = "BlockChainDNS.UnitTest", "BlockChainDNS.UnitTest\BlockChainDNS.UnitTest.csproj", "{5BC5CBF4-7401-4FC7-9591-949BBA9B9D67}"
EndProject
Project("{2150E333-8FDC-42A3-9474-1A3956D46DE8}") = "docs", "docs", "{0724FF8F-8A76-4D6E-863F-FB1374C5D091}"
	ProjectSection(SolutionItems) = preProject
		PROTOCOL.md = PROTOCOL.md
		README.md = README.md
	EndProjectSection
EndProject
Global
	GlobalSection(SolutionConfigurationPlatforms) = preSolution
		Debug|Any CPU = Debug|Any CPU
		Release|Any CPU = Release|Any CPU
	EndGlobalSection
	GlobalSection(ProjectConfigurationPlatforms) = postSolution
		{27E81F12-74C5-47A9-BEE7-36EAD233007F}.Debug|Any CPU.ActiveCfg = Debug|Any CPU
		{27E81F12-74C5-47A9-BEE7-36EAD233007F}.Debug|Any CPU.Build.0 = Debug|Any CPU
		{27E81F12-74C5-47A9-BEE7-36EAD233007F}.Release|Any CPU.ActiveCfg = Release|Any CPU
		{27E81F12-74C5-47A9-BEE7-36EAD233007F}.Release|Any CPU.Build.0 = Release|Any CPU
		{961C3FB5-A620-4D0A-90D2-471D428A8910}.Debug|Any CPU.ActiveCfg = Debug|Any CPU
		{961C3FB5-A620-4D0A-90D2-471D428A8910}.Debug|Any CPU.Build.0 = Debug|Any CPU
		{961C3FB5-A620-4D0A-90D2-471D428A8910}.Release|Any CPU.ActiveCfg = Release|Any CPU
		{961C3FB5-A620-4D0A-90D2-471D428A8910}.Release|Any CPU.Build.0 = Release|Any CPU
		{C36F62A7-3AB7-4CBF-BCD9-4D4067DF03A4}.Debug|Any CPU.ActiveCfg = Debug|Any CPU
		{C36F62A7-3AB7-4CBF-BCD9-4D4067DF03A4}.Debug|Any CPU.Build.0 = Debug|Any CPU
		{C36F62A7-3AB7-4CBF-BCD9-4D4067DF03A4}.Release|Any CPU.ActiveCfg = Release|Any CPU
		{C36F62A7-3AB7-4CBF-BCD9-4D4067DF03A4}.Release|Any CPU.Build.0 = Release|Any CPU
		{3211211B-1690-468D-B1B9-FFA046652E84}.Debug|Any CPU.ActiveCfg = Debug|Any CPU
		{3211211B-1690-468D-B1B9-FFA046652E84}.Debug|Any CPU.Build.0 = Debug|Any CPU
		{3211211B-1690-468D-B1B9-FFA046652E84}.Release|Any CPU.ActiveCfg = Release|Any CPU
		{3211211B-1690-468D-B1B9-FFA046652E84}.Release|Any CPU.Build.0 = Release|Any CPU
		{5BC5CBF4-7401-4FC7-9591-949BBA9B9D67}.Debug|Any CPU.ActiveCfg = Debug|Any CPU
		{5BC5CBF4-7401-4FC7-9591-949BBA9B9D67}.Debug|Any CPU.Build.0 = Debug|Any CPU
		{5BC5CBF4-7401-4FC7-9591-949BBA9B9D67}.Release|Any CPU.ActiveCfg = Release|Any CPU
		{5BC5CBF4-7401-4FC7-9591-949BBA9B9D67}.Release|Any CPU.Build.0 = Release|Any CPU
	EndGlobalSection
	GlobalSection(SolutionProperties) = preSolution
		HideSolutionNode = FALSE
	EndGlobalSection
	GlobalSection(ExtensibilityGlobals) = postSolution
		SolutionGuid = {C6F52618-15F1-47DB-ABF4-A9B6827B76FE}
	EndGlobalSection
EndGlobal
